{
  "name": "ddd",
  "lockfileVersion": 3,
  "requires": true,
  "packages": {
    "": {
      "devDependencies": {
        "@types/gapi": "^0.0.47",
        "@types/gapi.auth2": "^0.0.61",
        "@types/gapi.client": "^1.0.8",
        "@types/gapi.client.drive": "^3.0.15",
        "@types/google.accounts": "^0.0.15",
        "typescript": "^5.8.3"
      }
    },
    "node_modules/@maxim_mazurok/gapi.client.discovery-v1": {
      "version": "0.1.20200806",
      "resolved": "https://registry.npmjs.org/@maxim_mazurok/gapi.client.discovery-v1/-/gapi.client.discovery-v1-0.1.20200806.tgz",
      "integrity": "sha512-Wl6UfmZVDdWbY3PUu8E2ULk9RPLjnMqp/iOA4tcK8Ne+U/GmlnWP/e34IaZNGArfl7iXJNOG+/3Rj9L9jQyF9Q==",
      "dev": true,
      "dependencies": {
        "@types/gapi.client": "*",
        "@types/gapi.client.discovery-v1": "*"
      }
    },
    "node_modules/@maxim_mazurok/gapi.client.drive-v3": {
      "version": "0.0.20250430",
      "resolved": "https://registry.npmjs.org/@maxim_mazurok/gapi.client.drive-v3/-/gapi.client.drive-v3-0.0.20250430.tgz",
      "integrity": "sha512-yua3DpZqAFImHKMm6lX9m2kj8e/D/2K/HfVt4XXUeykUbKLsB54ox/W0ryu+q781pDkqN6yWHYiMwWmLZ3k4aw==",
      "dev": true,
      "dependencies": {
        "@types/gapi.client": "*",
        "@types/gapi.client.discovery-v1": "*"
      }
    },
    "node_modules/@types/gapi": {
      "version": "0.0.47",
      "resolved": "https://registry.npmjs.org/@types/gapi/-/gapi-0.0.47.tgz",
      "integrity": "sha512-/ZsLuq6BffMgbKMtZyDZ8vwQvTyKhKQ1G2K6VyWCgtHHhfSSXbk4+4JwImZiTjWNXfI2q1ZStAwFFHSkNoTkHA==",
      "dev": true
    },
    "node_modules/@types/gapi.auth2": {
      "version": "0.0.61",
      "resolved": "https://registry.npmjs.org/@types/gapi.auth2/-/gapi.auth2-0.0.61.tgz",
      "integrity": "sha512-cn+omiRoE/LTxZncnVl1QhcLggOT0sJ8Yz9RXIsw5R2zLyRf+0o6kaZzJ/Gr3Sxz6i7J/+PbXAF8yeZipCaiWw==",
      "dev": true,
      "dependencies": {
        "@types/gapi": "*"
      }
    },
    "node_modules/@types/gapi.client": {
      "version": "1.0.8",
      "resolved": "https://registry.npmjs.org/@types/gapi.client/-/gapi.client-1.0.8.tgz",
      "integrity": "sha512-qJQUmmumbYym3Amax0S8CVzuSngcXsC1fJdwRS2zeW5lM63zXkw4wJFP+bG0jzgi0R6EsJKoHnGNVTDbOyG1ng==",
      "dev": true
    },
    "node_modules/@types/gapi.client.discovery-v1": {
      "version": "0.0.4",
      "resolved": "https://registry.npmjs.org/@types/gapi.client.discovery-v1/-/gapi.client.discovery-v1-0.0.4.tgz",
      "integrity": "sha512-uevhRumNE65F5mf2gABLaReOmbFSXONuzFZjNR3dYv6BmkHg+wciubHrfBAsp3554zNo3Dcg6dUAlwMqQfpwjQ==",
      "dev": true,
      "dependencies": {
        "@maxim_mazurok/gapi.client.discovery-v1": "latest"
      }
    },
    "node_modules/@types/gapi.client.drive": {
      "version": "3.0.15",
      "resolved": "https://registry.npmjs.org/@types/gapi.client.drive/-/gapi.client.drive-3.0.15.tgz",
      "integrity": "sha512-qEfI0LxUBadOLmym4FkaNGpI4ibBCBPJHiUFWKIv0GIp7yKT2d+wztJYKr9giIRecErUCF+jGSDw1fzTZ6hPVQ==",
      "deprecated": "use @types/gapi.client.drive-v3 instead; see https://github.com/Maxim-Mazurok/google-api-typings-generator/issues/652 for details",
      "dev": true,
      "dependencies": {
        "@maxim_mazurok/gapi.client.drive-v3": "latest"
      }
    },
    "node_modules/@types/google.accounts": {
      "version": "0.0.15",
      "resolved": "https://registry.npmjs.org/@types/google.accounts/-/google.accounts-0.0.15.tgz",
      "integrity": "sha512-NiydIuJzwdpnWNqTPOeDzGXhzz46Ll6T4rN3YWSm9Zfx/8ZfbwFbzyPSw1Tkz4uE3gQiU+fRj4KvBVUuHmk+KQ==",
      "dev": true
    },
    "node_modules/typescript": {
      "version": "5.8.3",
      "resolved": "https://registry.npmjs.org/typescript/-/typescript-5.8.3.tgz",
      "integrity": "sha512-p1diW6TqL9L07nNxvRMM7hMMw4c5XOo/1ibL4aAIGmSAt9slTE1Xgw5KWuof2uTOvCg9BY7ZRi+GaF+7sfgPeQ==",
      "dev": true,
      "bin": {
        "tsc": "bin/tsc",
        "tsserver": "bin/tsserver"
      },
      "engines": {
        "node": ">=14.17"
      }
    }
  }
}
