{
  "name": "ddd",
  "lockfileVersion": 3,
  "requires": true,
  "packages": {
    "": {
      "devDependencies": {
        "@types/gapi": "^0.0.47",
        "@types/gapi.auth2": "^0.0.61",
        "@types/gapi.client": "^1.0.8",
        "@types/gapi.client.drive": "^3.0.15",
        "@types/google.accounts": "^0.0.15",
        "@types/node": "^22.15.3",
        "fs-extra": "^11.3.0",
        "simple-git": "^3.27.0",
        "typescript": "^5.8.3",
        "undici-types": "^7.8.0"
      }
    },
    "node_modules/@kwsites/file-exists": {
      "version": "1.1.1",
      "resolved": "https://registry.npmjs.org/@kwsites/file-exists/-/file-exists-1.1.1.tgz",
      "integrity": "sha512-m9/5YGR18lIwxSFDwfE3oA7bWuq9kdau6ugN4H2rJeyhFQZcG9AgSHkQtSD15a8WvTgfz9aikZMrKPHvbpqFiw==",
      "dev": true,
      "dependencies": {
        "debug": "^4.1.1"
      }
    },
    "node_modules/@kwsites/promise-deferred": {
      "version": "1.1.1",
      "resolved": "https://registry.npmjs.org/@kwsites/promise-deferred/-/promise-deferred-1.1.1.tgz",
      "integrity": "sha512-GaHYm+c0O9MjZRu0ongGBRbinu8gVAMd2UZjji6jVmqKtZluZnptXGWhz1E8j8D2HJ3f/yMxKAUC0b+57wncIw==",
      "dev": true
    },
    "node_modules/@maxim_mazurok/gapi.client.discovery-v1": {
      "version": "0.1.20200806",
      "resolved": "https://registry.npmjs.org/@maxim_mazurok/gapi.client.discovery-v1/-/gapi.client.discovery-v1-0.1.20200806.tgz",
      "integrity": "sha512-Wl6UfmZVDdWbY3PUu8E2ULk9RPLjnMqp/iOA4tcK8Ne+U/GmlnWP/e34IaZNGArfl7iXJNOG+/3Rj9L9jQyF9Q==",
      "dev": true,
      "dependencies": {
        "@types/gapi.client": "*",
        "@types/gapi.client.discovery-v1": "*"
      }
    },
    "node_modules/@maxim_mazurok/gapi.client.drive-v3": {
      "version": "0.0.20250430",
      "resolved": "https://registry.npmjs.org/@maxim_mazurok/gapi.client.drive-v3/-/gapi.client.drive-v3-0.0.20250430.tgz",
      "integrity": "sha512-yua3DpZqAFImHKMm6lX9m2kj8e/D/2K/HfVt4XXUeykUbKLsB54ox/W0ryu+q781pDkqN6yWHYiMwWmLZ3k4aw==",
      "dev": true,
      "dependencies": {
        "@types/gapi.client": "*",
        "@types/gapi.client.discovery-v1": "*"
      }
    },
    "node_modules/@types/gapi": {
      "version": "0.0.47",
      "resolved": "https://registry.npmjs.org/@types/gapi/-/gapi-0.0.47.tgz",
      "integrity": "sha512-/ZsLuq6BffMgbKMtZyDZ8vwQvTyKhKQ1G2K6VyWCgtHHhfSSXbk4+4JwImZiTjWNXfI2q1ZStAwFFHSkNoTkHA==",
      "dev": true
    },
    "node_modules/@types/gapi.auth2": {
      "version": "0.0.61",
      "resolved": "https://registry.npmjs.org/@types/gapi.auth2/-/gapi.auth2-0.0.61.tgz",
      "integrity": "sha512-cn+omiRoE/LTxZncnVl1QhcLggOT0sJ8Yz9RXIsw5R2zLyRf+0o6kaZzJ/Gr3Sxz6i7J/+PbXAF8yeZipCaiWw==",
      "dev": true,
      "dependencies": {
        "@types/gapi": "*"
      }
    },
    "node_modules/@types/gapi.client": {
      "version": "1.0.8",
      "resolved": "https://registry.npmjs.org/@types/gapi.client/-/gapi.client-1.0.8.tgz",
      "integrity": "sha512-qJQUmmumbYym3Amax0S8CVzuSngcXsC1fJdwRS2zeW5lM63zXkw4wJFP+bG0jzgi0R6EsJKoHnGNVTDbOyG1ng==",
      "dev": true
    },
    "node_modules/@types/gapi.client.discovery-v1": {
      "version": "0.0.4",
      "resolved": "https://registry.npmjs.org/@types/gapi.client.discovery-v1/-/gapi.client.discovery-v1-0.0.4.tgz",
      "integrity": "sha512-uevhRumNE65F5mf2gABLaReOmbFSXONuzFZjNR3dYv6BmkHg+wciubHrfBAsp3554zNo3Dcg6dUAlwMqQfpwjQ==",
      "dev": true,
      "dependencies": {
        "@maxim_mazurok/gapi.client.discovery-v1": "latest"
      }
    },
    "node_modules/@types/gapi.client.drive": {
      "version": "3.0.15",
      "resolved": "https://registry.npmjs.org/@types/gapi.client.drive/-/gapi.client.drive-3.0.15.tgz",
      "integrity": "sha512-qEfI0LxUBadOLmym4FkaNGpI4ibBCBPJHiUFWKIv0GIp7yKT2d+wztJYKr9giIRecErUCF+jGSDw1fzTZ6hPVQ==",
      "deprecated": "use @types/gapi.client.drive-v3 instead; see https://github.com/Maxim-Mazurok/google-api-typings-generator/issues/652 for details",
      "dev": true,
      "dependencies": {
        "@maxim_mazurok/gapi.client.drive-v3": "latest"
      }
    },
    "node_modules/@types/google.accounts": {
      "version": "0.0.15",
      "resolved": "https://registry.npmjs.org/@types/google.accounts/-/google.accounts-0.0.15.tgz",
      "integrity": "sha512-NiydIuJzwdpnWNqTPOeDzGXhzz46Ll6T4rN3YWSm9Zfx/8ZfbwFbzyPSw1Tkz4uE3gQiU+fRj4KvBVUuHmk+KQ==",
      "dev": true
    },
    "node_modules/@types/node": {
      "version": "22.15.3",
      "resolved": "https://registry.npmjs.org/@types/node/-/node-22.15.3.tgz",
      "integrity": "sha512-lX7HFZeHf4QG/J7tBZqrCAXwz9J5RD56Y6MpP0eJkka8p+K0RY/yBTW7CYFJ4VGCclxqOLKmiGP5juQc6MKgcw==",
      "dev": true,
      "dependencies": {
        "undici-types": "~6.21.0"
      }
    },
    "node_modules/@types/node/node_modules/undici-types": {
      "version": "6.21.0",
      "resolved": "https://registry.npmjs.org/undici-types/-/undici-types-6.21.0.tgz",
      "integrity": "sha512-iwDZqg0QAGrg9Rav5H4n0M64c3mkR59cJ6wQp+7C4nI0gsmExaedaYLNO44eT4AtBBwjbTiGPMlt2Md0T9H9JQ==",
      "dev": true
    },
    "node_modules/debug": {
      "version": "4.4.0",
      "resolved": "https://registry.npmjs.org/debug/-/debug-4.4.0.tgz",
      "integrity": "sha512-6WTZ/IxCY/T6BALoZHaE4ctp9xm+Z5kY/pzYaCHRFeyVhojxlrm+46y68HA6hr0TcwEssoxNiDEUJQjfPZ/RYA==",
      "dev": true,
      "dependencies": {
        "ms": "^2.1.3"
      },
      "engines": {
        "node": ">=6.0"
      },
      "peerDependenciesMeta": {
        "supports-color": {
          "optional": true
        }
      }
    },
    "node_modules/fs-extra": {
      "version": "11.3.0",
      "resolved": "https://registry.npmjs.org/fs-extra/-/fs-extra-11.3.0.tgz",
      "integrity": "sha512-Z4XaCL6dUDHfP/jT25jJKMmtxvuwbkrD1vNSMFlo9lNLY2c5FHYSQgHPRZUjAB26TpDEoW9HCOgplrdbaPV/ew==",
      "dev": true,
      "dependencies": {
        "graceful-fs": "^4.2.0",
        "jsonfile": "^6.0.1",
        "universalify": "^2.0.0"
      },
      "engines": {
        "node": ">=14.14"
      }
    },
    "node_modules/graceful-fs": {
      "version": "4.2.11",
      "resolved": "https://registry.npmjs.org/graceful-fs/-/graceful-fs-4.2.11.tgz",
      "integrity": "sha512-RbJ5/jmFcNNCcDV5o9eTnBLJ/HszWV0P73bc+Ff4nS/rJj+YaS6IGyiOL0VoBYX+l1Wrl3k63h/KrH+nhJ0XvQ==",
      "dev": true
    },
    "node_modules/jsonfile": {
      "version": "6.1.0",
      "resolved": "https://registry.npmjs.org/jsonfile/-/jsonfile-6.1.0.tgz",
      "integrity": "sha512-5dgndWOriYSm5cnYaJNhalLNDKOqFwyDB/rr1E9ZsGciGvKPs8R2xYGCacuf3z6K1YKDz182fd+fY3cn3pMqXQ==",
      "dev": true,
      "dependencies": {
        "universalify": "^2.0.0"
      },
      "optionalDependencies": {
        "graceful-fs": "^4.1.6"
      }
    },
    "node_modules/ms": {
      "version": "2.1.3",
      "resolved": "https://registry.npmjs.org/ms/-/ms-2.1.3.tgz",
      "integrity": "sha512-6FlzubTLZG3J2a/NVCAleEhjzq5oxgHyaCU9yYXvcLsvoVaHJq/s5xXI6/XXP6tz7R9xAOtHnSO/tXtF3WRTlA==",
      "dev": true
    },
    "node_modules/simple-git": {
      "version": "3.27.0",
      "resolved": "https://registry.npmjs.org/simple-git/-/simple-git-3.27.0.tgz",
      "integrity": "sha512-ivHoFS9Yi9GY49ogc6/YAi3Fl9ROnF4VyubNylgCkA+RVqLaKWnDSzXOVzya8csELIaWaYNutsEuAhZrtOjozA==",
      "dev": true,
      "dependencies": {
        "@kwsites/file-exists": "^1.1.1",
        "@kwsites/promise-deferred": "^1.1.1",
        "debug": "^4.3.5"
      },
      "funding": {
        "type": "github",
        "url": "https://github.com/steveukx/git-js?sponsor=1"
      }
    },
    "node_modules/typescript": {
      "version": "5.8.3",
      "resolved": "https://registry.npmjs.org/typescript/-/typescript-5.8.3.tgz",
      "integrity": "sha512-p1diW6TqL9L07nNxvRMM7hMMw4c5XOo/1ibL4aAIGmSAt9slTE1Xgw5KWuof2uTOvCg9BY7ZRi+GaF+7sfgPeQ==",
      "dev": true,
      "bin": {
        "tsc": "bin/tsc",
        "tsserver": "bin/tsserver"
      },
      "engines": {
        "node": ">=14.17"
      }
    },
    "node_modules/undici-types": {
      "version": "7.8.0",
      "resolved": "https://registry.npmjs.org/undici-types/-/undici-types-7.8.0.tgz",
      "integrity": "sha512-9UJ2xGDvQ43tYyVMpuHlsgApydB8ZKfVYTsLDhXkFL/6gfkp+U8xTGdh8pMJv1SpZna0zxG1DwsKZsreLbXBxw==",
      "dev": true
    },
    "node_modules/universalify": {
      "version": "2.0.1",
      "resolved": "https://registry.npmjs.org/universalify/-/universalify-2.0.1.tgz",
      "integrity": "sha512-gptHNQghINnc/vTGIk0SOFGFNXw7JVrlRUtConJRlvaw6DuX0wO5Jeko9sWrMBhh+PsYAZ7oXAiOnf/UKogyiw==",
      "dev": true,
      "engines": {
        "node": ">= 10.0.0"
      }
    }
  }
}
